{
  "pins" : [
    {
      "identity" : "coffee-factory-swift",
      "kind" : "remoteSourceControl",
      "location" : "https://github.com/yuncoffee/coffee-factory-swift",
      "state" : {
        "branch" : "main",
        "revision" : "2d7c78e836945440984f1b75302a7c5b2ae18f1f"
      }
    }
  ],
  "version" : 2
}
