{
  "pins" : [
    {
      "identity" : "coffee-factory-swift",
      "kind" : "remoteSourceControl",
      "location" : "https://github.com/yuncoffee/coffee-factory-swift",
      "state" : {
        "branch" : "main",
        "revision" : "6260b61f388b8f8f531f5b0be558a8ce1ce98483"
      }
    }
  ],
  "version" : 2
}
