{
  "pins" : [
    {
      "identity" : "coffee-factory-swift",
      "kind" : "remoteSourceControl",
      "location" : "https://github.com/yuncoffee/coffee-factory-swift",
      "state" : {
        "branch" : "main",
        "revision" : "eaec71f15472fadbef119829325d8867cd52ef62"
      }
    }
  ],
  "version" : 2
}
